
Microsoft Visual Studio Solution File, Format Version 12.00
# Visual Studio Version 16
VisualStudioVersion = 16.0.30204.135
MinimumVisualStudioVersion = 10.0.40219.1
Project("{FAE04EC0-301F-11D3-BF4B-00C04F79EFBC}") = "CreateClass", "CreateClass\CreateClass.csproj", "{F03C4FD2-3A30-4865-8C18-6E379CAA3AAA}"
EndProject
Project("{2150E333-8FDC-42A3-9474-1A3956D46DE8}") = "Tests", "Tests", "{BFF60FC7-8F73-48E1-A781-72EE400BB97E}"
EndProject
Project("{FAE04EC0-301F-11D3-BF4B-00C04F79EFBC}") = "CreateClassTest", "Tests\CreateClassTest\CreateClassTest.csproj", "{098F553F-FCF3-4496-BE5F-B589813538F5}"
EndProject
Global
	GlobalSection(SolutionConfigurationPlatforms) = preSolution
		Debug|Any CPU = Debug|Any CPU
		Release|Any CPU = Release|Any CPU
	EndGlobalSection
	GlobalSection(ProjectConfigurationPlatforms) = postSolution
		{F03C4FD2-3A30-4865-8C18-6E379CAA3AAA}.Debug|Any CPU.ActiveCfg = Debug|Any CPU
		{F03C4FD2-3A30-4865-8C18-6E379CAA3AAA}.Debug|Any CPU.Build.0 = Debug|Any CPU
		{F03C4FD2-3A30-4865-8C18-6E379CAA3AAA}.Release|Any CPU.ActiveCfg = Release|Any CPU
		{F03C4FD2-3A30-4865-8C18-6E379CAA3AAA}.Release|Any CPU.Build.0 = Release|Any CPU
		{098F553F-FCF3-4496-BE5F-B589813538F5}.Debug|Any CPU.ActiveCfg = Debug|Any CPU
		{098F553F-FCF3-4496-BE5F-B589813538F5}.Debug|Any CPU.Build.0 = Debug|Any CPU
		{098F553F-FCF3-4496-BE5F-B589813538F5}.Release|Any CPU.ActiveCfg = Release|Any CPU
		{098F553F-FCF3-4496-BE5F-B589813538F5}.Release|Any CPU.Build.0 = Release|Any CPU
	EndGlobalSection
	GlobalSection(SolutionProperties) = preSolution
		HideSolutionNode = FALSE
	EndGlobalSection
	GlobalSection(NestedProjects) = preSolution
		{098F553F-FCF3-4496-BE5F-B589813538F5} = {BFF60FC7-8F73-48E1-A781-72EE400BB97E}
	EndGlobalSection
	GlobalSection(ExtensibilityGlobals) = postSolution
		SolutionGuid = {346B5D9F-86D4-47AF-8FAA-EAA4F8A9B5F2}
	EndGlobalSection
EndGlobal
